// !$*UTF8*$!
{
	archiveVersion = 1;
	classes = {
	};
	objectVersion = 56;
	objects = {

/* Begin PBXBuildFile section */
		502F20442B99694B001053D8 /* SCView.swift in Sources */ = {isa = PBXBuildFile; fileRef = 502F20432B99694B001053D8 /* SCView.swift */; };
		502F20482B998EFE001053D8 /* SelectChaptersViewController.xib in Resources */ = {isa = PBXBuildFile; fileRef = 502F20472B998EFE001053D8 /* SelectChaptersViewController.xib */; };
		502F20492B998EFE001053D8 /* SelectChaptersViewController.swift in Sources */ = {isa = PBXBuildFile; fileRef = 502F20462B998EFE001053D8 /* SelectChaptersViewController.swift */; };
		505429B72C4808D600D0C0EA /* SnapKit in Frameworks */ = {isa = PBXBuildFile; productRef = 505429B62C4808D600D0C0EA /* SnapKit */; };
		505429B92C493A7500D0C0EA /* QuizViewModel.swift in Sources */ = {isa = PBXBuildFile; fileRef = 505429B82C493A7500D0C0EA /* QuizViewModel.swift */; };
		505429BB2C49541300D0C0EA /* SelectChaptersViewModel.swift in Sources */ = {isa = PBXBuildFile; fileRef = 505429BA2C49541300D0C0EA /* SelectChaptersViewModel.swift */; };
		505429BD2C4A197200D0C0EA /* ReviewViewModel.swift in Sources */ = {isa = PBXBuildFile; fileRef = 505429BC2C4A197200D0C0EA /* ReviewViewModel.swift */; };
		505429C22C4A248800D0C0EA /* AccountSettingsViewController.swift in Sources */ = {isa = PBXBuildFile; fileRef = 505429C02C4A248800D0C0EA /* AccountSettingsViewController.swift */; };
		505429C32C4A248800D0C0EA /* AccountSettingsViewController.xib in Resources */ = {isa = PBXBuildFile; fileRef = 505429C12C4A248800D0C0EA /* AccountSettingsViewController.xib */; };
		505429C72C4A26FE00D0C0EA /* ChangeEmailPasswordViewController.swift in Sources */ = {isa = PBXBuildFile; fileRef = 505429C52C4A26FE00D0C0EA /* ChangeEmailPasswordViewController.swift */; };
		505429C82C4A26FE00D0C0EA /* ChangeEmailPasswordViewController.xib in Resources */ = {isa = PBXBuildFile; fileRef = 505429C62C4A26FE00D0C0EA /* ChangeEmailPasswordViewController.xib */; };
		505429CA2C4A270600D0C0EA /* ChangeEmailPasswordViewModel.swift in Sources */ = {isa = PBXBuildFile; fileRef = 505429C92C4A270600D0C0EA /* ChangeEmailPasswordViewModel.swift */; };
		50A9ED912B9E426C00F1DBB1 /* FirebaseAuth in Frameworks */ = {isa = PBXBuildFile; productRef = 50A9ED902B9E426C00F1DBB1 /* FirebaseAuth */; };
		50A9ED932B9E426C00F1DBB1 /* FirebaseFirestore in Frameworks */ = {isa = PBXBuildFile; productRef = 50A9ED922B9E426C00F1DBB1 /* FirebaseFirestore */; };
		50A9ED962B9E43A800F1DBB1 /* WelcomeViewController.swift in Sources */ = {isa = PBXBuildFile; fileRef = 50A9ED942B9E43A800F1DBB1 /* WelcomeViewController.swift */; };
		50A9ED972B9E43A800F1DBB1 /* WelcomeViewController.xib in Resources */ = {isa = PBXBuildFile; fileRef = 50A9ED952B9E43A800F1DBB1 /* WelcomeViewController.xib */; };
		50A9ED9A2B9E43B300F1DBB1 /* SplashViewController.swift in Sources */ = {isa = PBXBuildFile; fileRef = 50A9ED982B9E43B300F1DBB1 /* SplashViewController.swift */; };
		50A9ED9B2B9E43B300F1DBB1 /* SplashViewController.xib in Resources */ = {isa = PBXBuildFile; fileRef = 50A9ED992B9E43B300F1DBB1 /* SplashViewController.xib */; };
		50A9ED9E2B9E43C500F1DBB1 /* SignUpSignInViewController.swift in Sources */ = {isa = PBXBuildFile; fileRef = 50A9ED9C2B9E43C500F1DBB1 /* SignUpSignInViewController.swift */; };
		50A9ED9F2B9E43C500F1DBB1 /* SignUpSignInViewController.xib in Resources */ = {isa = PBXBuildFile; fileRef = 50A9ED9D2B9E43C500F1DBB1 /* SignUpSignInViewController.xib */; };
		50A9EDA42B9E492500F1DBB1 /* FirebaseManager.swift in Sources */ = {isa = PBXBuildFile; fileRef = 50A9EDA32B9E492500F1DBB1 /* FirebaseManager.swift */; };
		50A9EDA72B9E498900F1DBB1 /* KeychainSwift in Frameworks */ = {isa = PBXBuildFile; productRef = 50A9EDA62B9E498900F1DBB1 /* KeychainSwift */; };
		50A9EDAA2B9E4A5B00F1DBB1 /* SwiftyBeaver in Frameworks */ = {isa = PBXBuildFile; productRef = 50A9EDA92B9E4A5B00F1DBB1 /* SwiftyBeaver */; };
		50A9EDAC2B9E4FAA00F1DBB1 /* TextFields.swift in Sources */ = {isa = PBXBuildFile; fileRef = 50A9EDAB2B9E4FAA00F1DBB1 /* TextFields.swift */; };
		50A9EDAE2B9E532400F1DBB1 /* Validator.swift in Sources */ = {isa = PBXBuildFile; fileRef = 50A9EDAD2B9E532400F1DBB1 /* Validator.swift */; };
		50A9EDB02B9E8B2800F1DBB1 /* Buttons.swift in Sources */ = {isa = PBXBuildFile; fileRef = 50A9EDAF2B9E8B2800F1DBB1 /* Buttons.swift */; };
		50A9EDB32B9E9CC100F1DBB1 /* ProgressHUD in Frameworks */ = {isa = PBXBuildFile; productRef = 50A9EDB22B9E9CC100F1DBB1 /* ProgressHUD */; };
		50A9EDB82B9F7B9900F1DBB1 /* GoogleSignIn in Frameworks */ = {isa = PBXBuildFile; productRef = 50A9EDB72B9F7B9900F1DBB1 /* GoogleSignIn */; };
		50A9EDBA2B9F7B9900F1DBB1 /* GoogleSignInSwift in Frameworks */ = {isa = PBXBuildFile; productRef = 50A9EDB92B9F7B9900F1DBB1 /* GoogleSignInSwift */; };
		50A9EDBC2B9F81C600F1DBB1 /* GoogleService-Info.plist in Resources */ = {isa = PBXBuildFile; fileRef = 50A9EDBB2B9F81C600F1DBB1 /* GoogleService-Info.plist */; };
		50A9EDC02B9F96A200F1DBB1 /* SettingsViewController.xib in Resources */ = {isa = PBXBuildFile; fileRef = 50A9EDBF2B9F96A200F1DBB1 /* SettingsViewController.xib */; };
		50A9EDC12B9F96A200F1DBB1 /* SettingsViewController.swift in Sources */ = {isa = PBXBuildFile; fileRef = 50A9EDBE2B9F96A200F1DBB1 /* SettingsViewController.swift */; };
		50B2C4EA2C4582D300E0DC88 /* AddNewWordViewController.xib in Resources */ = {isa = PBXBuildFile; fileRef = 50B2C4E92C4582D300E0DC88 /* AddNewWordViewController.xib */; };
		50B2C4EB2C4582D300E0DC88 /* AddNewWordViewController.swift in Sources */ = {isa = PBXBuildFile; fileRef = 50B2C4E82C4582D300E0DC88 /* AddNewWordViewController.swift */; };
		50B2C4ED2C45849100E0DC88 /* AddNewWordViewModel.swift in Sources */ = {isa = PBXBuildFile; fileRef = 50B2C4EC2C45849100E0DC88 /* AddNewWordViewModel.swift */; };
		50B2C4EF2C45880100E0DC88 /* WordsListViewModel.swift in Sources */ = {isa = PBXBuildFile; fileRef = 50B2C4EE2C45880100E0DC88 /* WordsListViewModel.swift */; };
		50B7A4DF2BA1056400F4AC6A /* Change.swift in Sources */ = {isa = PBXBuildFile; fileRef = 50B7A4DE2BA1056400F4AC6A /* Change.swift */; };
		50B7A4E32BA119C600F4AC6A /* Toast.swift in Sources */ = {isa = PBXBuildFile; fileRef = 50B7A4E22BA119C600F4AC6A /* Toast.swift */; };
		50B7A4EB2BA1238D00F4AC6A /* Toast in Frameworks */ = {isa = PBXBuildFile; productRef = 50B7A4EA2BA1238D00F4AC6A /* Toast */; };
		50C125B02B983FC900BC57B6 /* ReviewViewController.swift in Sources */ = {isa = PBXBuildFile; fileRef = 50C125AE2B983FC900BC57B6 /* ReviewViewController.swift */; };
		50C125B12B983FC900BC57B6 /* ReviewViewController.xib in Resources */ = {isa = PBXBuildFile; fileRef = 50C125AF2B983FC900BC57B6 /* ReviewViewController.xib */; };
		50C125B42B98441700BC57B6 /* RoundShadowView.swift in Sources */ = {isa = PBXBuildFile; fileRef = 50C125B32B98441700BC57B6 /* RoundShadowView.swift */; };
		50C125B62B984DBD00BC57B6 /* AppCache.swift in Sources */ = {isa = PBXBuildFile; fileRef = 50C125B52B984DBD00BC57B6 /* AppCache.swift */; };
		50C125B92B9852A100BC57B6 /* Stack.swift in Sources */ = {isa = PBXBuildFile; fileRef = 50C125B82B9852A100BC57B6 /* Stack.swift */; };
		50E7FF5E2B9A7797009745C7 /* QuizViewController.xib in Resources */ = {isa = PBXBuildFile; fileRef = 50E7FF5D2B9A7797009745C7 /* QuizViewController.xib */; };
		50E7FF5F2B9A7797009745C7 /* QuizViewController.swift in Sources */ = {isa = PBXBuildFile; fileRef = 50E7FF5C2B9A7797009745C7 /* QuizViewController.swift */; };
		50F3549D2B979201003AEBE1 /* AppDelegate.swift in Sources */ = {isa = PBXBuildFile; fileRef = 50F3549C2B979201003AEBE1 /* AppDelegate.swift */; };
		50F3549F2B979201003AEBE1 /* SceneDelegate.swift in Sources */ = {isa = PBXBuildFile; fileRef = 50F3549E2B979201003AEBE1 /* SceneDelegate.swift */; };
		50F354A62B979202003AEBE1 /* Assets.xcassets in Resources */ = {isa = PBXBuildFile; fileRef = 50F354A52B979202003AEBE1 /* Assets.xcassets */; };
		50F354A92B979202003AEBE1 /* LaunchScreen.storyboard in Resources */ = {isa = PBXBuildFile; fileRef = 50F354A72B979202003AEBE1 /* LaunchScreen.storyboard */; };
		50F354B62B979635003AEBE1 /* HomeViewController.swift in Sources */ = {isa = PBXBuildFile; fileRef = 50F354B42B979635003AEBE1 /* HomeViewController.swift */; };
		50F354B72B979635003AEBE1 /* HomeViewController.xib in Resources */ = {isa = PBXBuildFile; fileRef = 50F354B52B979635003AEBE1 /* HomeViewController.xib */; };
		50F354BD2B979FAC003AEBE1 /* Chapter+WordList.swift in Sources */ = {isa = PBXBuildFile; fileRef = 50F354BC2B979FAC003AEBE1 /* Chapter+WordList.swift */; };
		50F354C42B97DD4A003AEBE1 /* WordsListViewController.swift in Sources */ = {isa = PBXBuildFile; fileRef = 50F354C22B97DD4A003AEBE1 /* WordsListViewController.swift */; };
		50F354C52B97DD4A003AEBE1 /* WordsListViewController.xib in Resources */ = {isa = PBXBuildFile; fileRef = 50F354C32B97DD4A003AEBE1 /* WordsListViewController.xib */; };
		50F354ED2B98009D003AEBE1 /* Constants.swift in Sources */ = {isa = PBXBuildFile; fileRef = 50F354EC2B98009D003AEBE1 /* Constants.swift */; };
		50F354EF2B980695003AEBE1 /* CommonMethods+Extensions.swift in Sources */ = {isa = PBXBuildFile; fileRef = 50F354EE2B980695003AEBE1 /* CommonMethods+Extensions.swift */; };
/* End PBXBuildFile section */

/* Begin PBXFileReference section */
		502F20432B99694B001053D8 /* SCView.swift */ = {isa = PBXFileReference; lastKnownFileType = sourcecode.swift; path = SCView.swift; sourceTree = "<group>"; };
		502F20462B998EFE001053D8 /* SelectChaptersViewController.swift */ = {isa = PBXFileReference; lastKnownFileType = sourcecode.swift; path = SelectChaptersViewController.swift; sourceTree = "<group>"; };
		502F20472B998EFE001053D8 /* SelectChaptersViewController.xib */ = {isa = PBXFileReference; lastKnownFileType = file.xib; path = SelectChaptersViewController.xib; sourceTree = "<group>"; };
		505429B82C493A7500D0C0EA /* QuizViewModel.swift */ = {isa = PBXFileReference; lastKnownFileType = sourcecode.swift; path = QuizViewModel.swift; sourceTree = "<group>"; };
		505429BA2C49541300D0C0EA /* SelectChaptersViewModel.swift */ = {isa = PBXFileReference; lastKnownFileType = sourcecode.swift; path = SelectChaptersViewModel.swift; sourceTree = "<group>"; };
		505429BC2C4A197200D0C0EA /* ReviewViewModel.swift */ = {isa = PBXFileReference; lastKnownFileType = sourcecode.swift; path = ReviewViewModel.swift; sourceTree = "<group>"; };
		505429C02C4A248800D0C0EA /* AccountSettingsViewController.swift */ = {isa = PBXFileReference; lastKnownFileType = sourcecode.swift; path = AccountSettingsViewController.swift; sourceTree = "<group>"; };
		505429C12C4A248800D0C0EA /* AccountSettingsViewController.xib */ = {isa = PBXFileReference; lastKnownFileType = file.xib; path = AccountSettingsViewController.xib; sourceTree = "<group>"; };
		505429C52C4A26FE00D0C0EA /* ChangeEmailPasswordViewController.swift */ = {isa = PBXFileReference; lastKnownFileType = sourcecode.swift; path = ChangeEmailPasswordViewController.swift; sourceTree = "<group>"; };
		505429C62C4A26FE00D0C0EA /* ChangeEmailPasswordViewController.xib */ = {isa = PBXFileReference; lastKnownFileType = file.xib; path = ChangeEmailPasswordViewController.xib; sourceTree = "<group>"; };
		505429C92C4A270600D0C0EA /* ChangeEmailPasswordViewModel.swift */ = {isa = PBXFileReference; lastKnownFileType = sourcecode.swift; path = ChangeEmailPasswordViewModel.swift; sourceTree = "<group>"; };
		50A9ED942B9E43A800F1DBB1 /* WelcomeViewController.swift */ = {isa = PBXFileReference; lastKnownFileType = sourcecode.swift; path = WelcomeViewController.swift; sourceTree = "<group>"; };
		50A9ED952B9E43A800F1DBB1 /* WelcomeViewController.xib */ = {isa = PBXFileReference; lastKnownFileType = file.xib; path = WelcomeViewController.xib; sourceTree = "<group>"; };
		50A9ED982B9E43B300F1DBB1 /* SplashViewController.swift */ = {isa = PBXFileReference; lastKnownFileType = sourcecode.swift; path = SplashViewController.swift; sourceTree = "<group>"; };
		50A9ED992B9E43B300F1DBB1 /* SplashViewController.xib */ = {isa = PBXFileReference; lastKnownFileType = file.xib; path = SplashViewController.xib; sourceTree = "<group>"; };
		50A9ED9C2B9E43C500F1DBB1 /* SignUpSignInViewController.swift */ = {isa = PBXFileReference; lastKnownFileType = sourcecode.swift; path = SignUpSignInViewController.swift; sourceTree = "<group>"; };
		50A9ED9D2B9E43C500F1DBB1 /* SignUpSignInViewController.xib */ = {isa = PBXFileReference; lastKnownFileType = file.xib; path = SignUpSignInViewController.xib; sourceTree = "<group>"; };
		50A9EDA32B9E492500F1DBB1 /* FirebaseManager.swift */ = {isa = PBXFileReference; lastKnownFileType = sourcecode.swift; path = FirebaseManager.swift; sourceTree = "<group>"; };
		50A9EDAB2B9E4FAA00F1DBB1 /* TextFields.swift */ = {isa = PBXFileReference; lastKnownFileType = sourcecode.swift; path = TextFields.swift; sourceTree = "<group>"; };
		50A9EDAD2B9E532400F1DBB1 /* Validator.swift */ = {isa = PBXFileReference; lastKnownFileType = sourcecode.swift; path = Validator.swift; sourceTree = "<group>"; };
		50A9EDAF2B9E8B2800F1DBB1 /* Buttons.swift */ = {isa = PBXFileReference; lastKnownFileType = sourcecode.swift; path = Buttons.swift; sourceTree = "<group>"; };
		50A9EDBB2B9F81C600F1DBB1 /* GoogleService-Info.plist */ = {isa = PBXFileReference; fileEncoding = 4; lastKnownFileType = text.plist.xml; path = "GoogleService-Info.plist"; sourceTree = "<group>"; };
		50A9EDBE2B9F96A200F1DBB1 /* SettingsViewController.swift */ = {isa = PBXFileReference; lastKnownFileType = sourcecode.swift; path = SettingsViewController.swift; sourceTree = "<group>"; };
		50A9EDBF2B9F96A200F1DBB1 /* SettingsViewController.xib */ = {isa = PBXFileReference; lastKnownFileType = file.xib; path = SettingsViewController.xib; sourceTree = "<group>"; };
		50B2C4E82C4582D300E0DC88 /* AddNewWordViewController.swift */ = {isa = PBXFileReference; lastKnownFileType = sourcecode.swift; path = AddNewWordViewController.swift; sourceTree = "<group>"; };
		50B2C4E92C4582D300E0DC88 /* AddNewWordViewController.xib */ = {isa = PBXFileReference; lastKnownFileType = file.xib; path = AddNewWordViewController.xib; sourceTree = "<group>"; };
		50B2C4EC2C45849100E0DC88 /* AddNewWordViewModel.swift */ = {isa = PBXFileReference; lastKnownFileType = sourcecode.swift; path = AddNewWordViewModel.swift; sourceTree = "<group>"; };
		50B2C4EE2C45880100E0DC88 /* WordsListViewModel.swift */ = {isa = PBXFileReference; lastKnownFileType = sourcecode.swift; path = WordsListViewModel.swift; sourceTree = "<group>"; };
		50B7A4DE2BA1056400F4AC6A /* Change.swift */ = {isa = PBXFileReference; lastKnownFileType = sourcecode.swift; path = Change.swift; sourceTree = "<group>"; };
		50B7A4E22BA119C600F4AC6A /* Toast.swift */ = {isa = PBXFileReference; lastKnownFileType = sourcecode.swift; path = Toast.swift; sourceTree = "<group>"; };
		50C125AE2B983FC900BC57B6 /* ReviewViewController.swift */ = {isa = PBXFileReference; lastKnownFileType = sourcecode.swift; path = ReviewViewController.swift; sourceTree = "<group>"; };
		50C125AF2B983FC900BC57B6 /* ReviewViewController.xib */ = {isa = PBXFileReference; lastKnownFileType = file.xib; path = ReviewViewController.xib; sourceTree = "<group>"; };
		50C125B32B98441700BC57B6 /* RoundShadowView.swift */ = {isa = PBXFileReference; lastKnownFileType = sourcecode.swift; path = RoundShadowView.swift; sourceTree = "<group>"; };
		50C125B52B984DBD00BC57B6 /* AppCache.swift */ = {isa = PBXFileReference; lastKnownFileType = sourcecode.swift; path = AppCache.swift; sourceTree = "<group>"; };
		50C125B82B9852A100BC57B6 /* Stack.swift */ = {isa = PBXFileReference; lastKnownFileType = sourcecode.swift; path = Stack.swift; sourceTree = "<group>"; };
		50E7FF5C2B9A7797009745C7 /* QuizViewController.swift */ = {isa = PBXFileReference; lastKnownFileType = sourcecode.swift; path = QuizViewController.swift; sourceTree = "<group>"; };
		50E7FF5D2B9A7797009745C7 /* QuizViewController.xib */ = {isa = PBXFileReference; lastKnownFileType = file.xib; path = QuizViewController.xib; sourceTree = "<group>"; };
		50F354992B979201003AEBE1 /* FlashCard.app */ = {isa = PBXFileReference; explicitFileType = wrapper.application; includeInIndex = 0; path = FlashCard.app; sourceTree = BUILT_PRODUCTS_DIR; };
		50F3549C2B979201003AEBE1 /* AppDelegate.swift */ = {isa = PBXFileReference; lastKnownFileType = sourcecode.swift; path = AppDelegate.swift; sourceTree = "<group>"; };
		50F3549E2B979201003AEBE1 /* SceneDelegate.swift */ = {isa = PBXFileReference; lastKnownFileType = sourcecode.swift; path = SceneDelegate.swift; sourceTree = "<group>"; };
		50F354A52B979202003AEBE1 /* Assets.xcassets */ = {isa = PBXFileReference; lastKnownFileType = folder.assetcatalog; path = Assets.xcassets; sourceTree = "<group>"; };
		50F354A82B979202003AEBE1 /* Base */ = {isa = PBXFileReference; lastKnownFileType = file.storyboard; name = Base; path = Base.lproj/LaunchScreen.storyboard; sourceTree = "<group>"; };
		50F354AA2B979202003AEBE1 /* Info.plist */ = {isa = PBXFileReference; lastKnownFileType = text.plist.xml; path = Info.plist; sourceTree = "<group>"; };
		50F354B42B979635003AEBE1 /* HomeViewController.swift */ = {isa = PBXFileReference; lastKnownFileType = sourcecode.swift; path = HomeViewController.swift; sourceTree = "<group>"; };
		50F354B52B979635003AEBE1 /* HomeViewController.xib */ = {isa = PBXFileReference; lastKnownFileType = file.xib; path = HomeViewController.xib; sourceTree = "<group>"; };
		50F354BC2B979FAC003AEBE1 /* Chapter+WordList.swift */ = {isa = PBXFileReference; lastKnownFileType = sourcecode.swift; path = "Chapter+WordList.swift"; sourceTree = "<group>"; };
		50F354C22B97DD4A003AEBE1 /* WordsListViewController.swift */ = {isa = PBXFileReference; lastKnownFileType = sourcecode.swift; path = WordsListViewController.swift; sourceTree = "<group>"; };
		50F354C32B97DD4A003AEBE1 /* WordsListViewController.xib */ = {isa = PBXFileReference; lastKnownFileType = file.xib; path = WordsListViewController.xib; sourceTree = "<group>"; };
		50F354EC2B98009D003AEBE1 /* Constants.swift */ = {isa = PBXFileReference; lastKnownFileType = sourcecode.swift; path = Constants.swift; sourceTree = "<group>"; };
		50F354EE2B980695003AEBE1 /* CommonMethods+Extensions.swift */ = {isa = PBXFileReference; lastKnownFileType = sourcecode.swift; path = "CommonMethods+Extensions.swift"; sourceTree = "<group>"; };
/* End PBXFileReference section */

/* Begin PBXFrameworksBuildPhase section */
		50F354962B979201003AEBE1 /* Frameworks */ = {
			isa = PBXFrameworksBuildPhase;
			buildActionMask = 2147483647;
			files = (
				50B7A4EB2BA1238D00F4AC6A /* Toast in Frameworks */,
				50A9EDB32B9E9CC100F1DBB1 /* ProgressHUD in Frameworks */,
				50A9EDA72B9E498900F1DBB1 /* KeychainSwift in Frameworks */,
				50A9EDBA2B9F7B9900F1DBB1 /* GoogleSignInSwift in Frameworks */,
				50A9ED912B9E426C00F1DBB1 /* FirebaseAuth in Frameworks */,
				50A9ED932B9E426C00F1DBB1 /* FirebaseFirestore in Frameworks */,
				505429B72C4808D600D0C0EA /* SnapKit in Frameworks */,
				50A9EDAA2B9E4A5B00F1DBB1 /* SwiftyBeaver in Frameworks */,
				50A9EDB82B9F7B9900F1DBB1 /* GoogleSignIn in Frameworks */,
			);
			runOnlyForDeploymentPostprocessing = 0;
		};
/* End PBXFrameworksBuildPhase section */

/* Begin PBXGroup section */
		505429B42C47AACC00D0C0EA /* QuizModule */ = {
			isa = PBXGroup;
			children = (
				50E7FF5C2B9A7797009745C7 /* QuizViewController.swift */,
				50E7FF5D2B9A7797009745C7 /* QuizViewController.xib */,
				505429B82C493A7500D0C0EA /* QuizViewModel.swift */,
			);
			path = QuizModule;
			sourceTree = "<group>";
		};
		505429BE2C4A246C00D0C0EA /* SettingsPages */ = {
			isa = PBXGroup;
			children = (
				505429C42C4A26E900D0C0EA /* ChangeEmailPasswordVC */,
				505429BF2C4A247B00D0C0EA /* AccountSettingsVC */,
				50A9EDBD2B9F969100F1DBB1 /* SettingsVC */,
			);
			path = SettingsPages;
			sourceTree = "<group>";
		};
		505429BF2C4A247B00D0C0EA /* AccountSettingsVC */ = {
			isa = PBXGroup;
			children = (
				505429C02C4A248800D0C0EA /* AccountSettingsViewController.swift */,
				505429C12C4A248800D0C0EA /* AccountSettingsViewController.xib */,
			);
			path = AccountSettingsVC;
			sourceTree = "<group>";
		};
		505429C42C4A26E900D0C0EA /* ChangeEmailPasswordVC */ = {
			isa = PBXGroup;
			children = (
				505429C52C4A26FE00D0C0EA /* ChangeEmailPasswordViewController.swift */,
				505429C62C4A26FE00D0C0EA /* ChangeEmailPasswordViewController.xib */,
				505429C92C4A270600D0C0EA /* ChangeEmailPasswordViewModel.swift */,
			);
			path = ChangeEmailPasswordVC;
			sourceTree = "<group>";
		};
		50A9EDA02B9E43CF00F1DBB1 /* SignUpSignInVC */ = {
			isa = PBXGroup;
			children = (
				50A9ED9C2B9E43C500F1DBB1 /* SignUpSignInViewController.swift */,
				50A9ED9D2B9E43C500F1DBB1 /* SignUpSignInViewController.xib */,
			);
			path = SignUpSignInVC;
			sourceTree = "<group>";
		};
		50A9EDA12B9E43D700F1DBB1 /* WelcomeVC */ = {
			isa = PBXGroup;
			children = (
				50A9ED942B9E43A800F1DBB1 /* WelcomeViewController.swift */,
				50A9ED952B9E43A800F1DBB1 /* WelcomeViewController.xib */,
			);
			path = WelcomeVC;
			sourceTree = "<group>";
		};
		50A9EDA22B9E43DD00F1DBB1 /* SplashVC */ = {
			isa = PBXGroup;
			children = (
				50A9ED982B9E43B300F1DBB1 /* SplashViewController.swift */,
				50A9ED992B9E43B300F1DBB1 /* SplashViewController.xib */,
			);
			path = SplashVC;
			sourceTree = "<group>";
		};
		50A9EDBD2B9F969100F1DBB1 /* SettingsVC */ = {
			isa = PBXGroup;
			children = (
				50A9EDBE2B9F96A200F1DBB1 /* SettingsViewController.swift */,
				50A9EDBF2B9F96A200F1DBB1 /* SettingsViewController.xib */,
			);
			path = SettingsVC;
			sourceTree = "<group>";
		};
		50B2C4E72C4582C400E0DC88 /* AddNewWordVC */ = {
			isa = PBXGroup;
			children = (
				50B2C4E82C4582D300E0DC88 /* AddNewWordViewController.swift */,
				50B2C4E92C4582D300E0DC88 /* AddNewWordViewController.xib */,
				50B2C4EC2C45849100E0DC88 /* AddNewWordViewModel.swift */,
			);
			path = AddNewWordVC;
			sourceTree = "<group>";
		};
		50C125B22B9843FC00BC57B6 /* View */ = {
			isa = PBXGroup;
			children = (
				50C125B32B98441700BC57B6 /* RoundShadowView.swift */,
				502F20432B99694B001053D8 /* SCView.swift */,
				50A9EDAB2B9E4FAA00F1DBB1 /* TextFields.swift */,
				50A9EDAF2B9E8B2800F1DBB1 /* Buttons.swift */,
				50B7A4E22BA119C600F4AC6A /* Toast.swift */,
			);
			path = View;
			sourceTree = "<group>";
		};
		50C125B72B98529500BC57B6 /* Data */ = {
			isa = PBXGroup;
			children = (
				50C125B82B9852A100BC57B6 /* Stack.swift */,
				50B7A4DE2BA1056400F4AC6A /* Change.swift */,
			);
			path = Data;
			sourceTree = "<group>";
		};
		50E7FFAA2B9D6462009745C7 /* Delegates */ = {
			isa = PBXGroup;
			children = (
				50F3549C2B979201003AEBE1 /* AppDelegate.swift */,
				50F3549E2B979201003AEBE1 /* SceneDelegate.swift */,
			);
			path = Delegates;
			sourceTree = "<group>";
		};
		50E7FFAB2B9D646E009745C7 /* ReviewVC */ = {
			isa = PBXGroup;
			children = (
				50C125AE2B983FC900BC57B6 /* ReviewViewController.swift */,
				50C125AF2B983FC900BC57B6 /* ReviewViewController.xib */,
				505429BC2C4A197200D0C0EA /* ReviewViewModel.swift */,
			);
			path = ReviewVC;
			sourceTree = "<group>";
		};
		50E7FFAC2B9D6473009745C7 /* HomeVC */ = {
			isa = PBXGroup;
			children = (
				50F354B42B979635003AEBE1 /* HomeViewController.swift */,
				50F354B52B979635003AEBE1 /* HomeViewController.xib */,
			);
			path = HomeVC;
			sourceTree = "<group>";
		};
		50E7FFAD2B9D647C009745C7 /* WordsListVC */ = {
			isa = PBXGroup;
			children = (
				50F354C22B97DD4A003AEBE1 /* WordsListViewController.swift */,
				50F354C32B97DD4A003AEBE1 /* WordsListViewController.xib */,
				50B2C4EE2C45880100E0DC88 /* WordsListViewModel.swift */,
			);
			path = WordsListVC;
			sourceTree = "<group>";
		};
		50E7FFAE2B9D6481009745C7 /* SelectChaptersVC */ = {
			isa = PBXGroup;
			children = (
				502F20462B998EFE001053D8 /* SelectChaptersViewController.swift */,
				502F20472B998EFE001053D8 /* SelectChaptersViewController.xib */,
				505429BA2C49541300D0C0EA /* SelectChaptersViewModel.swift */,
			);
			path = SelectChaptersVC;
			sourceTree = "<group>";
		};
		50F354902B979201003AEBE1 = {
			isa = PBXGroup;
			children = (
				50F3549B2B979201003AEBE1 /* FlashCard */,
				50F3549A2B979201003AEBE1 /* Products */,
			);
			sourceTree = "<group>";
		};
		50F3549A2B979201003AEBE1 /* Products */ = {
			isa = PBXGroup;
			children = (
				50F354992B979201003AEBE1 /* FlashCard.app */,
			);
			name = Products;
			sourceTree = "<group>";
		};
		50F3549B2B979201003AEBE1 /* FlashCard */ = {
			isa = PBXGroup;
			children = (
				505429B42C47AACC00D0C0EA /* QuizModule */,
				50C125B52B984DBD00BC57B6 /* AppCache.swift */,
				50F354A52B979202003AEBE1 /* Assets.xcassets */,
				50F354EE2B980695003AEBE1 /* CommonMethods+Extensions.swift */,
				50F354EC2B98009D003AEBE1 /* Constants.swift */,
				50C125B72B98529500BC57B6 /* Data */,
				50E7FFAA2B9D6462009745C7 /* Delegates */,
				50F354AA2B979202003AEBE1 /* Info.plist */,
				50A9EDBB2B9F81C600F1DBB1 /* GoogleService-Info.plist */,
				50F354BC2B979FAC003AEBE1 /* Chapter+WordList.swift */,
				50F354A72B979202003AEBE1 /* LaunchScreen.storyboard */,
				50F354F22B981F19003AEBE1 /* Screens */,
				50C125B22B9843FC00BC57B6 /* View */,
				50A9EDA32B9E492500F1DBB1 /* FirebaseManager.swift */,
				50A9EDAD2B9E532400F1DBB1 /* Validator.swift */,
			);
			path = FlashCard;
			sourceTree = "<group>";
		};
		50F354F22B981F19003AEBE1 /* Screens */ = {
			isa = PBXGroup;
			children = (
				50B2C4E72C4582C400E0DC88 /* AddNewWordVC */,
				505429BE2C4A246C00D0C0EA /* SettingsPages */,
				50E7FFAC2B9D6473009745C7 /* HomeVC */,
				50E7FFAB2B9D646E009745C7 /* ReviewVC */,
				50E7FFAE2B9D6481009745C7 /* SelectChaptersVC */,
				50A9EDA02B9E43CF00F1DBB1 /* SignUpSignInVC */,
				50A9EDA22B9E43DD00F1DBB1 /* SplashVC */,
				50A9EDA12B9E43D700F1DBB1 /* WelcomeVC */,
				50E7FFAD2B9D647C009745C7 /* WordsListVC */,
			);
			path = Screens;
			sourceTree = "<group>";
		};
/* End PBXGroup section */

/* Begin PBXNativeTarget section */
		50F354982B979201003AEBE1 /* FlashCard */ = {
			isa = PBXNativeTarget;
			buildConfigurationList = 50F354AD2B979202003AEBE1 /* Build configuration list for PBXNativeTarget "FlashCard" */;
			buildPhases = (
				50F354952B979201003AEBE1 /* Sources */,
				50F354962B979201003AEBE1 /* Frameworks */,
				50F354972B979201003AEBE1 /* Resources */,
			);
			buildRules = (
			);
			dependencies = (
			);
			name = FlashCard;
			packageProductDependencies = (
				50A9ED902B9E426C00F1DBB1 /* FirebaseAuth */,
				50A9ED922B9E426C00F1DBB1 /* FirebaseFirestore */,
				50A9EDA62B9E498900F1DBB1 /* KeychainSwift */,
				50A9EDA92B9E4A5B00F1DBB1 /* SwiftyBeaver */,
				50A9EDB22B9E9CC100F1DBB1 /* ProgressHUD */,
				50A9EDB72B9F7B9900F1DBB1 /* GoogleSignIn */,
				50A9EDB92B9F7B9900F1DBB1 /* GoogleSignInSwift */,
				50B7A4EA2BA1238D00F4AC6A /* Toast */,
				505429B62C4808D600D0C0EA /* SnapKit */,
			);
			productName = flashcard;
			productReference = 50F354992B979201003AEBE1 /* FlashCard.app */;
			productType = "com.apple.product-type.application";
		};
/* End PBXNativeTarget section */

/* Begin PBXProject section */
		50F354912B979201003AEBE1 /* Project object */ = {
			isa = PBXProject;
			attributes = {
				BuildIndependentTargetsInParallel = 1;
				LastSwiftUpdateCheck = 1520;
				LastUpgradeCheck = 1520;
				TargetAttributes = {
					50F354982B979201003AEBE1 = {
						CreatedOnToolsVersion = 15.2;
					};
				};
			};
			buildConfigurationList = 50F354942B979201003AEBE1 /* Build configuration list for PBXProject "FlashCard" */;
			compatibilityVersion = "Xcode 14.0";
			developmentRegion = en;
			hasScannedForEncodings = 0;
			knownRegions = (
				en,
				Base,
			);
			mainGroup = 50F354902B979201003AEBE1;
			packageReferences = (
				50A9ED8F2B9E426C00F1DBB1 /* XCRemoteSwiftPackageReference "firebase-ios-sdk" */,
				50A9EDA52B9E498900F1DBB1 /* XCRemoteSwiftPackageReference "keychain-swift" */,
				50A9EDA82B9E4A5B00F1DBB1 /* XCRemoteSwiftPackageReference "SwiftyBeaver" */,
				50A9EDB12B9E9CC100F1DBB1 /* XCRemoteSwiftPackageReference "ProgressHUD" */,
				50A9EDB62B9F7B9900F1DBB1 /* XCRemoteSwiftPackageReference "GoogleSignIn-iOS" */,
				50B7A4E92BA1238D00F4AC6A /* XCRemoteSwiftPackageReference "toast-swift" */,
				505429B52C4808D600D0C0EA /* XCRemoteSwiftPackageReference "SnapKit" */,
			);
			productRefGroup = 50F3549A2B979201003AEBE1 /* Products */;
			projectDirPath = "";
			projectRoot = "";
			targets = (
				50F354982B979201003AEBE1 /* FlashCard */,
			);
		};
/* End PBXProject section */

/* Begin PBXResourcesBuildPhase section */
		50F354972B979201003AEBE1 /* Resources */ = {
			isa = PBXResourcesBuildPhase;
			buildActionMask = 2147483647;
			files = (
				50F354C52B97DD4A003AEBE1 /* WordsListViewController.xib in Resources */,
				50A9ED972B9E43A800F1DBB1 /* WelcomeViewController.xib in Resources */,
				50A9ED9B2B9E43B300F1DBB1 /* SplashViewController.xib in Resources */,
				505429C32C4A248800D0C0EA /* AccountSettingsViewController.xib in Resources */,
				50F354A92B979202003AEBE1 /* LaunchScreen.storyboard in Resources */,
				50A9ED9F2B9E43C500F1DBB1 /* SignUpSignInViewController.xib in Resources */,
				502F20482B998EFE001053D8 /* SelectChaptersViewController.xib in Resources */,
				50C125B12B983FC900BC57B6 /* ReviewViewController.xib in Resources */,
				50B2C4EA2C4582D300E0DC88 /* AddNewWordViewController.xib in Resources */,
				50A9EDC02B9F96A200F1DBB1 /* SettingsViewController.xib in Resources */,
				50E7FF5E2B9A7797009745C7 /* QuizViewController.xib in Resources */,
				505429C82C4A26FE00D0C0EA /* ChangeEmailPasswordViewController.xib in Resources */,
				50A9EDBC2B9F81C600F1DBB1 /* GoogleService-Info.plist in Resources */,
				50F354A62B979202003AEBE1 /* Assets.xcassets in Resources */,
				50F354B72B979635003AEBE1 /* HomeViewController.xib in Resources */,
			);
			runOnlyForDeploymentPostprocessing = 0;
		};
/* End PBXResourcesBuildPhase section */

/* Begin PBXSourcesBuildPhase section */
		50F354952B979201003AEBE1 /* Sources */ = {
			isa = PBXSourcesBuildPhase;
			buildActionMask = 2147483647;
			files = (
				50C125B62B984DBD00BC57B6 /* AppCache.swift in Sources */,
				50B7A4E32BA119C600F4AC6A /* Toast.swift in Sources */,
				505429C72C4A26FE00D0C0EA /* ChangeEmailPasswordViewController.swift in Sources */,
				50A9EDA42B9E492500F1DBB1 /* FirebaseManager.swift in Sources */,
				50A9ED9E2B9E43C500F1DBB1 /* SignUpSignInViewController.swift in Sources */,
				505429CA2C4A270600D0C0EA /* ChangeEmailPasswordViewModel.swift in Sources */,
				505429BD2C4A197200D0C0EA /* ReviewViewModel.swift in Sources */,
				50E7FF5F2B9A7797009745C7 /* QuizViewController.swift in Sources */,
				502F20492B998EFE001053D8 /* SelectChaptersViewController.swift in Sources */,
				50A9EDB02B9E8B2800F1DBB1 /* Buttons.swift in Sources */,
				50F354C42B97DD4A003AEBE1 /* WordsListViewController.swift in Sources */,
				50F354EF2B980695003AEBE1 /* CommonMethods+Extensions.swift in Sources */,
				50F3549D2B979201003AEBE1 /* AppDelegate.swift in Sources */,
				50A9EDAC2B9E4FAA00F1DBB1 /* TextFields.swift in Sources */,
				505429BB2C49541300D0C0EA /* SelectChaptersViewModel.swift in Sources */,
				50A9ED962B9E43A800F1DBB1 /* WelcomeViewController.swift in Sources */,
				502F20442B99694B001053D8 /* SCView.swift in Sources */,
				50F3549F2B979201003AEBE1 /* SceneDelegate.swift in Sources */,
				50A9EDC12B9F96A200F1DBB1 /* SettingsViewController.swift in Sources */,
				50B2C4EF2C45880100E0DC88 /* WordsListViewModel.swift in Sources */,
				50A9EDAE2B9E532400F1DBB1 /* Validator.swift in Sources */,
				50C125B92B9852A100BC57B6 /* Stack.swift in Sources */,
				50F354ED2B98009D003AEBE1 /* Constants.swift in Sources */,
				50C125B42B98441700BC57B6 /* RoundShadowView.swift in Sources */,
				50B2C4EB2C4582D300E0DC88 /* AddNewWordViewController.swift in Sources */,
				50B7A4DF2BA1056400F4AC6A /* Change.swift in Sources */,
				505429C22C4A248800D0C0EA /* AccountSettingsViewController.swift in Sources */,
				50B2C4ED2C45849100E0DC88 /* AddNewWordViewModel.swift in Sources */,
				505429B92C493A7500D0C0EA /* QuizViewModel.swift in Sources */,
				50F354B62B979635003AEBE1 /* HomeViewController.swift in Sources */,
				50C125B02B983FC900BC57B6 /* ReviewViewController.swift in Sources */,
				50F354BD2B979FAC003AEBE1 /* Chapter+WordList.swift in Sources */,
				50A9ED9A2B9E43B300F1DBB1 /* SplashViewController.swift in Sources */,
			);
			runOnlyForDeploymentPostprocessing = 0;
		};
/* End PBXSourcesBuildPhase section */

/* Begin PBXVariantGroup section */
		50F354A72B979202003AEBE1 /* LaunchScreen.storyboard */ = {
			isa = PBXVariantGroup;
			children = (
				50F354A82B979202003AEBE1 /* Base */,
			);
			name = LaunchScreen.storyboard;
			sourceTree = "<group>";
		};
/* End PBXVariantGroup section */

/* Begin XCBuildConfiguration section */
		50F354AB2B979202003AEBE1 /* Debug */ = {
			isa = XCBuildConfiguration;
			buildSettings = {
				ALWAYS_SEARCH_USER_PATHS = NO;
				ASSETCATALOG_COMPILER_GENERATE_SWIFT_ASSET_SYMBOL_EXTENSIONS = YES;
				CLANG_ANALYZER_NONNULL = YES;
				CLANG_ANALYZER_NUMBER_OBJECT_CONVERSION = YES_AGGRESSIVE;
				CLANG_CXX_LANGUAGE_STANDARD = "gnu++20";
				CLANG_ENABLE_MODULES = YES;
				CLANG_ENABLE_OBJC_ARC = YES;
				CLANG_ENABLE_OBJC_WEAK = YES;
				CLANG_WARN_BLOCK_CAPTURE_AUTORELEASING = YES;
				CLANG_WARN_BOOL_CONVERSION = YES;
				CLANG_WARN_COMMA = YES;
				CLANG_WARN_CONSTANT_CONVERSION = YES;
				CLANG_WARN_DEPRECATED_OBJC_IMPLEMENTATIONS = YES;
				CLANG_WARN_DIRECT_OBJC_ISA_USAGE = YES_ERROR;
				CLANG_WARN_DOCUMENTATION_COMMENTS = YES;
				CLANG_WARN_EMPTY_BODY = YES;
				CLANG_WARN_ENUM_CONVERSION = YES;
				CLANG_WARN_INFINITE_RECURSION = YES;
				CLANG_WARN_INT_CONVERSION = YES;
				CLANG_WARN_NON_LITERAL_NULL_CONVERSION = YES;
				CLANG_WARN_OBJC_IMPLICIT_RETAIN_SELF = YES;
				CLANG_WARN_OBJC_LITERAL_CONVERSION = YES;
				CLANG_WARN_OBJC_ROOT_CLASS = YES_ERROR;
				CLANG_WARN_QUOTED_INCLUDE_IN_FRAMEWORK_HEADER = YES;
				CLANG_WARN_RANGE_LOOP_ANALYSIS = YES;
				CLANG_WARN_STRICT_PROTOTYPES = YES;
				CLANG_WARN_SUSPICIOUS_MOVE = YES;
				CLANG_WARN_UNGUARDED_AVAILABILITY = YES_AGGRESSIVE;
				CLANG_WARN_UNREACHABLE_CODE = YES;
				CLANG_WARN__DUPLICATE_METHOD_MATCH = YES;
				COPY_PHASE_STRIP = NO;
				DEBUG_INFORMATION_FORMAT = dwarf;
				ENABLE_STRICT_OBJC_MSGSEND = YES;
				ENABLE_TESTABILITY = YES;
				ENABLE_USER_SCRIPT_SANDBOXING = YES;
				GCC_C_LANGUAGE_STANDARD = gnu17;
				GCC_DYNAMIC_NO_PIC = NO;
				GCC_NO_COMMON_BLOCKS = YES;
				GCC_OPTIMIZATION_LEVEL = 0;
				GCC_PREPROCESSOR_DEFINITIONS = (
					"DEBUG=1",
					"$(inherited)",
				);
				GCC_WARN_64_TO_32_BIT_CONVERSION = YES;
				GCC_WARN_ABOUT_RETURN_TYPE = YES_ERROR;
				GCC_WARN_UNDECLARED_SELECTOR = YES;
				GCC_WARN_UNINITIALIZED_AUTOS = YES_AGGRESSIVE;
				GCC_WARN_UNUSED_FUNCTION = YES;
				GCC_WARN_UNUSED_VARIABLE = YES;
				IPHONEOS_DEPLOYMENT_TARGET = 17.2;
				LOCALIZATION_PREFERS_STRING_CATALOGS = YES;
				MTL_ENABLE_DEBUG_INFO = INCLUDE_SOURCE;
				MTL_FAST_MATH = YES;
				ONLY_ACTIVE_ARCH = YES;
				SDKROOT = iphoneos;
				SWIFT_ACTIVE_COMPILATION_CONDITIONS = "DEBUG $(inherited)";
				SWIFT_OPTIMIZATION_LEVEL = "-Onone";
			};
			name = Debug;
		};
		50F354AC2B979202003AEBE1 /* Release */ = {
			isa = XCBuildConfiguration;
			buildSettings = {
				ALWAYS_SEARCH_USER_PATHS = NO;
				ASSETCATALOG_COMPILER_GENERATE_SWIFT_ASSET_SYMBOL_EXTENSIONS = YES;
				CLANG_ANALYZER_NONNULL = YES;
				CLANG_ANALYZER_NUMBER_OBJECT_CONVERSION = YES_AGGRESSIVE;
				CLANG_CXX_LANGUAGE_STANDARD = "gnu++20";
				CLANG_ENABLE_MODULES = YES;
				CLANG_ENABLE_OBJC_ARC = YES;
				CLANG_ENABLE_OBJC_WEAK = YES;
				CLANG_WARN_BLOCK_CAPTURE_AUTORELEASING = YES;
				CLANG_WARN_BOOL_CONVERSION = YES;
				CLANG_WARN_COMMA = YES;
				CLANG_WARN_CONSTANT_CONVERSION = YES;
				CLANG_WARN_DEPRECATED_OBJC_IMPLEMENTATIONS = YES;
				CLANG_WARN_DIRECT_OBJC_ISA_USAGE = YES_ERROR;
				CLANG_WARN_DOCUMENTATION_COMMENTS = YES;
				CLANG_WARN_EMPTY_BODY = YES;
				CLANG_WARN_ENUM_CONVERSION = YES;
				CLANG_WARN_INFINITE_RECURSION = YES;
				CLANG_WARN_INT_CONVERSION = YES;
				CLANG_WARN_NON_LITERAL_NULL_CONVERSION = YES;
				CLANG_WARN_OBJC_IMPLICIT_RETAIN_SELF = YES;
				CLANG_WARN_OBJC_LITERAL_CONVERSION = YES;
				CLANG_WARN_OBJC_ROOT_CLASS = YES_ERROR;
				CLANG_WARN_QUOTED_INCLUDE_IN_FRAMEWORK_HEADER = YES;
				CLANG_WARN_RANGE_LOOP_ANALYSIS = YES;
				CLANG_WARN_STRICT_PROTOTYPES = YES;
				CLANG_WARN_SUSPICIOUS_MOVE = YES;
				CLANG_WARN_UNGUARDED_AVAILABILITY = YES_AGGRESSIVE;
				CLANG_WARN_UNREACHABLE_CODE = YES;
				CLANG_WARN__DUPLICATE_METHOD_MATCH = YES;
				COPY_PHASE_STRIP = NO;
				DEBUG_INFORMATION_FORMAT = "dwarf-with-dsym";
				ENABLE_NS_ASSERTIONS = NO;
				ENABLE_STRICT_OBJC_MSGSEND = YES;
				ENABLE_USER_SCRIPT_SANDBOXING = YES;
				GCC_C_LANGUAGE_STANDARD = gnu17;
				GCC_NO_COMMON_BLOCKS = YES;
				GCC_WARN_64_TO_32_BIT_CONVERSION = YES;
				GCC_WARN_ABOUT_RETURN_TYPE = YES_ERROR;
				GCC_WARN_UNDECLARED_SELECTOR = YES;
				GCC_WARN_UNINITIALIZED_AUTOS = YES_AGGRESSIVE;
				GCC_WARN_UNUSED_FUNCTION = YES;
				GCC_WARN_UNUSED_VARIABLE = YES;
				IPHONEOS_DEPLOYMENT_TARGET = 17.2;
				LOCALIZATION_PREFERS_STRING_CATALOGS = YES;
				MTL_ENABLE_DEBUG_INFO = NO;
				MTL_FAST_MATH = YES;
				SDKROOT = iphoneos;
				SWIFT_COMPILATION_MODE = wholemodule;
				VALIDATE_PRODUCT = YES;
			};
			name = Release;
		};
		50F354AE2B979202003AEBE1 /* Debug */ = {
			isa = XCBuildConfiguration;
			buildSettings = {
				ASSETCATALOG_COMPILER_APPICON_NAME = AppIcon;
				ASSETCATALOG_COMPILER_GLOBAL_ACCENT_COLOR_NAME = AccentColor;
				CODE_SIGN_STYLE = Automatic;
				CURRENT_PROJECT_VERSION = 1;
				DEVELOPMENT_TEAM = HJ6B3ZPM4Y;
				GENERATE_INFOPLIST_FILE = YES;
				INFOPLIST_FILE = flashcard/Info.plist;
				INFOPLIST_KEY_UIApplicationSupportsIndirectInputEvents = YES;
				INFOPLIST_KEY_UILaunchStoryboardName = LaunchScreen;
				INFOPLIST_KEY_UISupportedInterfaceOrientations_iPad = "UIInterfaceOrientationPortrait UIInterfaceOrientationPortraitUpsideDown UIInterfaceOrientationLandscapeLeft UIInterfaceOrientationLandscapeRight";
				INFOPLIST_KEY_UISupportedInterfaceOrientations_iPhone = "UIInterfaceOrientationPortrait UIInterfaceOrientationLandscapeLeft UIInterfaceOrientationLandscapeRight";
				LD_RUNPATH_SEARCH_PATHS = (
					"$(inherited)",
					"@executable_path/Frameworks",
				);
				MARKETING_VERSION = 1.0;
				PRODUCT_BUNDLE_IDENTIFIER = com.boba.FlashCard1;
				PRODUCT_NAME = "$(TARGET_NAME)";
				SWIFT_EMIT_LOC_STRINGS = YES;
				SWIFT_VERSION = 5.0;
				TARGETED_DEVICE_FAMILY = "1,2";
			};
			name = Debug;
		};
		50F354AF2B979202003AEBE1 /* Release */ = {
			isa = XCBuildConfiguration;
			buildSettings = {
				ASSETCATALOG_COMPILER_APPICON_NAME = AppIcon;
				ASSETCATALOG_COMPILER_GLOBAL_ACCENT_COLOR_NAME = AccentColor;
				CODE_SIGN_STYLE = Automatic;
				CURRENT_PROJECT_VERSION = 1;
				DEVELOPMENT_TEAM = HJ6B3ZPM4Y;
				GENERATE_INFOPLIST_FILE = YES;
				INFOPLIST_FILE = flashcard/Info.plist;
				INFOPLIST_KEY_UIApplicationSupportsIndirectInputEvents = YES;
				INFOPLIST_KEY_UILaunchStoryboardName = LaunchScreen;
				INFOPLIST_KEY_UISupportedInterfaceOrientations_iPad = "UIInterfaceOrientationPortrait UIInterfaceOrientationPortraitUpsideDown UIInterfaceOrientationLandscapeLeft UIInterfaceOrientationLandscapeRight";
				INFOPLIST_KEY_UISupportedInterfaceOrientations_iPhone = "UIInterfaceOrientationPortrait UIInterfaceOrientationLandscapeLeft UIInterfaceOrientationLandscapeRight";
				LD_RUNPATH_SEARCH_PATHS = (
					"$(inherited)",
					"@executable_path/Frameworks",
				);
				MARKETING_VERSION = 1.0;
				PRODUCT_BUNDLE_IDENTIFIER = com.boba.FlashCard1;
				PRODUCT_NAME = "$(TARGET_NAME)";
				SWIFT_EMIT_LOC_STRINGS = YES;
				SWIFT_VERSION = 5.0;
				TARGETED_DEVICE_FAMILY = "1,2";
			};
			name = Release;
		};
/* End XCBuildConfiguration section */

/* Begin XCConfigurationList section */
		50F354942B979201003AEBE1 /* Build configuration list for PBXProject "FlashCard" */ = {
			isa = XCConfigurationList;
			buildConfigurations = (
				50F354AB2B979202003AEBE1 /* Debug */,
				50F354AC2B979202003AEBE1 /* Release */,
			);
			defaultConfigurationIsVisible = 0;
			defaultConfigurationName = Release;
		};
		50F354AD2B979202003AEBE1 /* Build configuration list for PBXNativeTarget "FlashCard" */ = {
			isa = XCConfigurationList;
			buildConfigurations = (
				50F354AE2B979202003AEBE1 /* Debug */,
				50F354AF2B979202003AEBE1 /* Release */,
			);
			defaultConfigurationIsVisible = 0;
			defaultConfigurationName = Release;
		};
/* End XCConfigurationList section */

/* Begin XCRemoteSwiftPackageReference section */
		505429B52C4808D600D0C0EA /* XCRemoteSwiftPackageReference "SnapKit" */ = {
			isa = XCRemoteSwiftPackageReference;
			repositoryURL = "https://github.com/SnapKit/SnapKit";
			requirement = {
				kind = upToNextMajorVersion;
				minimumVersion = 5.7.1;
			};
		};
		50A9ED8F2B9E426C00F1DBB1 /* XCRemoteSwiftPackageReference "firebase-ios-sdk" */ = {
			isa = XCRemoteSwiftPackageReference;
			repositoryURL = "https://github.com/firebase/firebase-ios-sdk.git";
			requirement = {
				kind = upToNextMajorVersion;
				minimumVersion = 10.22.1;
			};
		};
		50A9EDA52B9E498900F1DBB1 /* XCRemoteSwiftPackageReference "keychain-swift" */ = {
			isa = XCRemoteSwiftPackageReference;
			repositoryURL = "https://github.com/evgenyneu/keychain-swift";
			requirement = {
				kind = upToNextMajorVersion;
				minimumVersion = 21.0.0;
			};
		};
		50A9EDA82B9E4A5B00F1DBB1 /* XCRemoteSwiftPackageReference "SwiftyBeaver" */ = {
			isa = XCRemoteSwiftPackageReference;
			repositoryURL = "https://github.com/SwiftyBeaver/SwiftyBeaver";
			requirement = {
				kind = upToNextMajorVersion;
				minimumVersion = 2.0.0;
			};
		};
		50A9EDB12B9E9CC100F1DBB1 /* XCRemoteSwiftPackageReference "ProgressHUD" */ = {
			isa = XCRemoteSwiftPackageReference;
			repositoryURL = "https://github.com/relatedcode/ProgressHUD";
			requirement = {
				kind = upToNextMajorVersion;
				minimumVersion = 14.1.1;
			};
		};
		50A9EDB62B9F7B9900F1DBB1 /* XCRemoteSwiftPackageReference "GoogleSignIn-iOS" */ = {
			isa = XCRemoteSwiftPackageReference;
			repositoryURL = "https://github.com/google/GoogleSignIn-iOS";
			requirement = {
				kind = upToNextMajorVersion;
				minimumVersion = 7.0.0;
			};
		};
		50B7A4E92BA1238D00F4AC6A /* XCRemoteSwiftPackageReference "toast-swift" */ = {
			isa = XCRemoteSwiftPackageReference;
			repositoryURL = "https://github.com/BastiaanJansen/toast-swift";
			requirement = {
				kind = upToNextMajorVersion;
				minimumVersion = 2.1.2;
			};
		};
/* End XCRemoteSwiftPackageReference section */

/* Begin XCSwiftPackageProductDependency section */
		505429B62C4808D600D0C0EA /* SnapKit */ = {
			isa = XCSwiftPackageProductDependency;
			package = 505429B52C4808D600D0C0EA /* XCRemoteSwiftPackageReference "SnapKit" */;
			productName = SnapKit;
		};
		50A9ED902B9E426C00F1DBB1 /* FirebaseAuth */ = {
			isa = XCSwiftPackageProductDependency;
			package = 50A9ED8F2B9E426C00F1DBB1 /* XCRemoteSwiftPackageReference "firebase-ios-sdk" */;
			productName = FirebaseAuth;
		};
		50A9ED922B9E426C00F1DBB1 /* FirebaseFirestore */ = {
			isa = XCSwiftPackageProductDependency;
			package = 50A9ED8F2B9E426C00F1DBB1 /* XCRemoteSwiftPackageReference "firebase-ios-sdk" */;
			productName = FirebaseFirestore;
		};
		50A9EDA62B9E498900F1DBB1 /* KeychainSwift */ = {
			isa = XCSwiftPackageProductDependency;
			package = 50A9EDA52B9E498900F1DBB1 /* XCRemoteSwiftPackageReference "keychain-swift" */;
			productName = KeychainSwift;
		};
		50A9EDA92B9E4A5B00F1DBB1 /* SwiftyBeaver */ = {
			isa = XCSwiftPackageProductDependency;
			package = 50A9EDA82B9E4A5B00F1DBB1 /* XCRemoteSwiftPackageReference "SwiftyBeaver" */;
			productName = SwiftyBeaver;
		};
		50A9EDB22B9E9CC100F1DBB1 /* ProgressHUD */ = {
			isa = XCSwiftPackageProductDependency;
			package = 50A9EDB12B9E9CC100F1DBB1 /* XCRemoteSwiftPackageReference "ProgressHUD" */;
			productName = ProgressHUD;
		};
		50A9EDB72B9F7B9900F1DBB1 /* GoogleSignIn */ = {
			isa = XCSwiftPackageProductDependency;
			package = 50A9EDB62B9F7B9900F1DBB1 /* XCRemoteSwiftPackageReference "GoogleSignIn-iOS" */;
			productName = GoogleSignIn;
		};
		50A9EDB92B9F7B9900F1DBB1 /* GoogleSignInSwift */ = {
			isa = XCSwiftPackageProductDependency;
			package = 50A9EDB62B9F7B9900F1DBB1 /* XCRemoteSwiftPackageReference "GoogleSignIn-iOS" */;
			productName = GoogleSignInSwift;
		};
		50B7A4EA2BA1238D00F4AC6A /* Toast */ = {
			isa = XCSwiftPackageProductDependency;
			package = 50B7A4E92BA1238D00F4AC6A /* XCRemoteSwiftPackageReference "toast-swift" */;
			productName = Toast;
		};
/* End XCSwiftPackageProductDependency section */
	};
	rootObject = 50F354912B979201003AEBE1 /* Project object */;
}
