// !$*UTF8*$!
{
	archiveVersion = 1;
	classes = {
	};
	objectVersion = 56;
	objects = {

/* Begin PBXBuildFile section */
		502F20442B99694B001053D8 /* SCView.swift in Sources */ = {isa = PBXBuildFile; fileRef = 502F20432B99694B001053D8 /* SCView.swift */; };
		502F20482B998EFE001053D8 /* SelectChaptersViewController.xib in Resources */ = {isa = PBXBuildFile; fileRef = 502F20472B998EFE001053D8 /* SelectChaptersViewController.xib */; };
		502F20492B998EFE001053D8 /* SelectChaptersViewController.swift in Sources */ = {isa = PBXBuildFile; fileRef = 502F20462B998EFE001053D8 /* SelectChaptersViewController.swift */; };
		50C125B02B983FC900BC57B6 /* ReviewViewController.swift in Sources */ = {isa = PBXBuildFile; fileRef = 50C125AE2B983FC900BC57B6 /* ReviewViewController.swift */; };
		50C125B12B983FC900BC57B6 /* ReviewViewController.xib in Resources */ = {isa = PBXBuildFile; fileRef = 50C125AF2B983FC900BC57B6 /* ReviewViewController.xib */; };
		50C125B42B98441700BC57B6 /* RoundShadowView.swift in Sources */ = {isa = PBXBuildFile; fileRef = 50C125B32B98441700BC57B6 /* RoundShadowView.swift */; };
		50C125B62B984DBD00BC57B6 /* AppCache.swift in Sources */ = {isa = PBXBuildFile; fileRef = 50C125B52B984DBD00BC57B6 /* AppCache.swift */; };
		50C125B92B9852A100BC57B6 /* Stack.swift in Sources */ = {isa = PBXBuildFile; fileRef = 50C125B82B9852A100BC57B6 /* Stack.swift */; };
		50E7FF5E2B9A7797009745C7 /* QuizViewController.xib in Resources */ = {isa = PBXBuildFile; fileRef = 50E7FF5D2B9A7797009745C7 /* QuizViewController.xib */; };
		50E7FF5F2B9A7797009745C7 /* QuizViewController.swift in Sources */ = {isa = PBXBuildFile; fileRef = 50E7FF5C2B9A7797009745C7 /* QuizViewController.swift */; };
		50F3549D2B979201003AEBE1 /* AppDelegate.swift in Sources */ = {isa = PBXBuildFile; fileRef = 50F3549C2B979201003AEBE1 /* AppDelegate.swift */; };
		50F3549F2B979201003AEBE1 /* SceneDelegate.swift in Sources */ = {isa = PBXBuildFile; fileRef = 50F3549E2B979201003AEBE1 /* SceneDelegate.swift */; };
		50F354A62B979202003AEBE1 /* Assets.xcassets in Resources */ = {isa = PBXBuildFile; fileRef = 50F354A52B979202003AEBE1 /* Assets.xcassets */; };
		50F354A92B979202003AEBE1 /* LaunchScreen.storyboard in Resources */ = {isa = PBXBuildFile; fileRef = 50F354A72B979202003AEBE1 /* LaunchScreen.storyboard */; };
		50F354B62B979635003AEBE1 /* HomeViewController.swift in Sources */ = {isa = PBXBuildFile; fileRef = 50F354B42B979635003AEBE1 /* HomeViewController.swift */; };
		50F354B72B979635003AEBE1 /* HomeViewController.xib in Resources */ = {isa = PBXBuildFile; fileRef = 50F354B52B979635003AEBE1 /* HomeViewController.xib */; };
		50F354BD2B979FAC003AEBE1 /* JSON.swift in Sources */ = {isa = PBXBuildFile; fileRef = 50F354BC2B979FAC003AEBE1 /* JSON.swift */; };
		50F354C42B97DD4A003AEBE1 /* WordsListViewController.swift in Sources */ = {isa = PBXBuildFile; fileRef = 50F354C22B97DD4A003AEBE1 /* WordsListViewController.swift */; };
		50F354C52B97DD4A003AEBE1 /* WordsListViewController.xib in Resources */ = {isa = PBXBuildFile; fileRef = 50F354C32B97DD4A003AEBE1 /* WordsListViewController.xib */; };
		50F354ED2B98009D003AEBE1 /* Constants.swift in Sources */ = {isa = PBXBuildFile; fileRef = 50F354EC2B98009D003AEBE1 /* Constants.swift */; };
		50F354EF2B980695003AEBE1 /* CommonMethods+Extensions.swift in Sources */ = {isa = PBXBuildFile; fileRef = 50F354EE2B980695003AEBE1 /* CommonMethods+Extensions.swift */; };
/* End PBXBuildFile section */

/* Begin PBXFileReference section */
		502F20432B99694B001053D8 /* SCView.swift */ = {isa = PBXFileReference; lastKnownFileType = sourcecode.swift; path = SCView.swift; sourceTree = "<group>"; };
		502F20462B998EFE001053D8 /* SelectChaptersViewController.swift */ = {isa = PBXFileReference; lastKnownFileType = sourcecode.swift; path = SelectChaptersViewController.swift; sourceTree = "<group>"; };
		502F20472B998EFE001053D8 /* SelectChaptersViewController.xib */ = {isa = PBXFileReference; lastKnownFileType = file.xib; path = SelectChaptersViewController.xib; sourceTree = "<group>"; };
		50C125AE2B983FC900BC57B6 /* ReviewViewController.swift */ = {isa = PBXFileReference; lastKnownFileType = sourcecode.swift; name = ReviewViewController.swift; path = ../../ReviewViewController.swift; sourceTree = "<group>"; };
		50C125AF2B983FC900BC57B6 /* ReviewViewController.xib */ = {isa = PBXFileReference; lastKnownFileType = file.xib; name = ReviewViewController.xib; path = ../../ReviewViewController.xib; sourceTree = "<group>"; };
		50C125B32B98441700BC57B6 /* RoundShadowView.swift */ = {isa = PBXFileReference; lastKnownFileType = sourcecode.swift; path = RoundShadowView.swift; sourceTree = "<group>"; };
		50C125B52B984DBD00BC57B6 /* AppCache.swift */ = {isa = PBXFileReference; lastKnownFileType = sourcecode.swift; path = AppCache.swift; sourceTree = "<group>"; };
		50C125B82B9852A100BC57B6 /* Stack.swift */ = {isa = PBXFileReference; lastKnownFileType = sourcecode.swift; path = Stack.swift; sourceTree = "<group>"; };
		50E7FF5C2B9A7797009745C7 /* QuizViewController.swift */ = {isa = PBXFileReference; lastKnownFileType = sourcecode.swift; path = QuizViewController.swift; sourceTree = "<group>"; };
		50E7FF5D2B9A7797009745C7 /* QuizViewController.xib */ = {isa = PBXFileReference; lastKnownFileType = file.xib; path = QuizViewController.xib; sourceTree = "<group>"; };
		50F354992B979201003AEBE1 /* FlashCard.app */ = {isa = PBXFileReference; explicitFileType = wrapper.application; includeInIndex = 0; path = FlashCard.app; sourceTree = BUILT_PRODUCTS_DIR; };
		50F3549C2B979201003AEBE1 /* AppDelegate.swift */ = {isa = PBXFileReference; lastKnownFileType = sourcecode.swift; path = AppDelegate.swift; sourceTree = "<group>"; };
		50F3549E2B979201003AEBE1 /* SceneDelegate.swift */ = {isa = PBXFileReference; lastKnownFileType = sourcecode.swift; path = SceneDelegate.swift; sourceTree = "<group>"; };
		50F354A52B979202003AEBE1 /* Assets.xcassets */ = {isa = PBXFileReference; lastKnownFileType = folder.assetcatalog; path = Assets.xcassets; sourceTree = "<group>"; };
		50F354A82B979202003AEBE1 /* Base */ = {isa = PBXFileReference; lastKnownFileType = file.storyboard; name = Base; path = Base.lproj/LaunchScreen.storyboard; sourceTree = "<group>"; };
		50F354AA2B979202003AEBE1 /* Info.plist */ = {isa = PBXFileReference; lastKnownFileType = text.plist.xml; path = Info.plist; sourceTree = "<group>"; };
		50F354B42B979635003AEBE1 /* HomeViewController.swift */ = {isa = PBXFileReference; lastKnownFileType = sourcecode.swift; path = HomeViewController.swift; sourceTree = "<group>"; };
		50F354B52B979635003AEBE1 /* HomeViewController.xib */ = {isa = PBXFileReference; lastKnownFileType = file.xib; path = HomeViewController.xib; sourceTree = "<group>"; };
		50F354BC2B979FAC003AEBE1 /* JSON.swift */ = {isa = PBXFileReference; lastKnownFileType = sourcecode.swift; path = JSON.swift; sourceTree = "<group>"; };
		50F354C22B97DD4A003AEBE1 /* WordsListViewController.swift */ = {isa = PBXFileReference; lastKnownFileType = sourcecode.swift; path = WordsListViewController.swift; sourceTree = "<group>"; };
		50F354C32B97DD4A003AEBE1 /* WordsListViewController.xib */ = {isa = PBXFileReference; lastKnownFileType = file.xib; path = WordsListViewController.xib; sourceTree = "<group>"; };
		50F354EC2B98009D003AEBE1 /* Constants.swift */ = {isa = PBXFileReference; lastKnownFileType = sourcecode.swift; path = Constants.swift; sourceTree = "<group>"; };
		50F354EE2B980695003AEBE1 /* CommonMethods+Extensions.swift */ = {isa = PBXFileReference; lastKnownFileType = sourcecode.swift; path = "CommonMethods+Extensions.swift"; sourceTree = "<group>"; };
/* End PBXFileReference section */

/* Begin PBXFrameworksBuildPhase section */
		50F354962B979201003AEBE1 /* Frameworks */ = {
			isa = PBXFrameworksBuildPhase;
			buildActionMask = 2147483647;
			files = (
			);
			runOnlyForDeploymentPostprocessing = 0;
		};
/* End PBXFrameworksBuildPhase section */

/* Begin PBXGroup section */
		50C125B22B9843FC00BC57B6 /* View */ = {
			isa = PBXGroup;
			children = (
				50C125B32B98441700BC57B6 /* RoundShadowView.swift */,
				502F20432B99694B001053D8 /* SCView.swift */,
			);
			path = View;
			sourceTree = "<group>";
		};
		50C125B72B98529500BC57B6 /* Data */ = {
			isa = PBXGroup;
			children = (
				50C125B82B9852A100BC57B6 /* Stack.swift */,
			);
			path = Data;
			sourceTree = "<group>";
		};
		50F354902B979201003AEBE1 = {
			isa = PBXGroup;
			children = (
				50F3549B2B979201003AEBE1 /* FlashCard */,
				50F3549A2B979201003AEBE1 /* Products */,
			);
			sourceTree = "<group>";
		};
		50F3549A2B979201003AEBE1 /* Products */ = {
			isa = PBXGroup;
			children = (
				50F354992B979201003AEBE1 /* FlashCard.app */,
			);
			name = Products;
			sourceTree = "<group>";
		};
		50F3549B2B979201003AEBE1 /* FlashCard */ = {
			isa = PBXGroup;
			children = (
				50C125B72B98529500BC57B6 /* Data */,
				50C125B22B9843FC00BC57B6 /* View */,
				50F354F22B981F19003AEBE1 /* Screens */,
				50F3549C2B979201003AEBE1 /* AppDelegate.swift */,
				50F3549E2B979201003AEBE1 /* SceneDelegate.swift */,
				50F354A52B979202003AEBE1 /* Assets.xcassets */,
				50F354A72B979202003AEBE1 /* LaunchScreen.storyboard */,
				50F354AA2B979202003AEBE1 /* Info.plist */,
				50F354EE2B980695003AEBE1 /* CommonMethods+Extensions.swift */,
				50F354BC2B979FAC003AEBE1 /* JSON.swift */,
				50F354EC2B98009D003AEBE1 /* Constants.swift */,
				50C125B52B984DBD00BC57B6 /* AppCache.swift */,
			);
			path = FlashCard;
			sourceTree = "<group>";
		};
		50F354F22B981F19003AEBE1 /* Screens */ = {
			isa = PBXGroup;
			children = (
				50C125AE2B983FC900BC57B6 /* ReviewViewController.swift */,
				50C125AF2B983FC900BC57B6 /* ReviewViewController.xib */,
				50F354B42B979635003AEBE1 /* HomeViewController.swift */,
				50F354B52B979635003AEBE1 /* HomeViewController.xib */,
				50F354C22B97DD4A003AEBE1 /* WordsListViewController.swift */,
				50F354C32B97DD4A003AEBE1 /* WordsListViewController.xib */,
				502F20462B998EFE001053D8 /* SelectChaptersViewController.swift */,
				502F20472B998EFE001053D8 /* SelectChaptersViewController.xib */,
				50E7FF5C2B9A7797009745C7 /* QuizViewController.swift */,
				50E7FF5D2B9A7797009745C7 /* QuizViewController.xib */,
			);
			path = Screens;
			sourceTree = "<group>";
		};
/* End PBXGroup section */

/* Begin PBXNativeTarget section */
		50F354982B979201003AEBE1 /* FlashCard */ = {
			isa = PBXNativeTarget;
			buildConfigurationList = 50F354AD2B979202003AEBE1 /* Build configuration list for PBXNativeTarget "FlashCard" */;
			buildPhases = (
				50F354952B979201003AEBE1 /* Sources */,
				50F354962B979201003AEBE1 /* Frameworks */,
				50F354972B979201003AEBE1 /* Resources */,
			);
			buildRules = (
			);
			dependencies = (
			);
			name = FlashCard;
			productName = flashcard;
			productReference = 50F354992B979201003AEBE1 /* FlashCard.app */;
			productType = "com.apple.product-type.application";
		};
/* End PBXNativeTarget section */

/* Begin PBXProject section */
		50F354912B979201003AEBE1 /* Project object */ = {
			isa = PBXProject;
			attributes = {
				BuildIndependentTargetsInParallel = 1;
				LastSwiftUpdateCheck = 1520;
				LastUpgradeCheck = 1520;
				TargetAttributes = {
					50F354982B979201003AEBE1 = {
						CreatedOnToolsVersion = 15.2;
					};
				};
			};
			buildConfigurationList = 50F354942B979201003AEBE1 /* Build configuration list for PBXProject "FlashCard" */;
			compatibilityVersion = "Xcode 14.0";
			developmentRegion = en;
			hasScannedForEncodings = 0;
			knownRegions = (
				en,
				Base,
			);
			mainGroup = 50F354902B979201003AEBE1;
			productRefGroup = 50F3549A2B979201003AEBE1 /* Products */;
			projectDirPath = "";
			projectRoot = "";
			targets = (
				50F354982B979201003AEBE1 /* FlashCard */,
			);
		};
/* End PBXProject section */

/* Begin PBXResourcesBuildPhase section */
		50F354972B979201003AEBE1 /* Resources */ = {
			isa = PBXResourcesBuildPhase;
			buildActionMask = 2147483647;
			files = (
				50F354C52B97DD4A003AEBE1 /* WordsListViewController.xib in Resources */,
				50F354A92B979202003AEBE1 /* LaunchScreen.storyboard in Resources */,
				502F20482B998EFE001053D8 /* SelectChaptersViewController.xib in Resources */,
				50C125B12B983FC900BC57B6 /* ReviewViewController.xib in Resources */,
				50E7FF5E2B9A7797009745C7 /* QuizViewController.xib in Resources */,
				50F354A62B979202003AEBE1 /* Assets.xcassets in Resources */,
				50F354B72B979635003AEBE1 /* HomeViewController.xib in Resources */,
			);
			runOnlyForDeploymentPostprocessing = 0;
		};
/* End PBXResourcesBuildPhase section */

/* Begin PBXSourcesBuildPhase section */
		50F354952B979201003AEBE1 /* Sources */ = {
			isa = PBXSourcesBuildPhase;
			buildActionMask = 2147483647;
			files = (
				50C125B62B984DBD00BC57B6 /* AppCache.swift in Sources */,
				50E7FF5F2B9A7797009745C7 /* QuizViewController.swift in Sources */,
				502F20492B998EFE001053D8 /* SelectChaptersViewController.swift in Sources */,
				50F354C42B97DD4A003AEBE1 /* WordsListViewController.swift in Sources */,
				50F354EF2B980695003AEBE1 /* CommonMethods+Extensions.swift in Sources */,
				50F3549D2B979201003AEBE1 /* AppDelegate.swift in Sources */,
				502F20442B99694B001053D8 /* SCView.swift in Sources */,
				50F3549F2B979201003AEBE1 /* SceneDelegate.swift in Sources */,
				50C125B92B9852A100BC57B6 /* Stack.swift in Sources */,
				50F354ED2B98009D003AEBE1 /* Constants.swift in Sources */,
				50C125B42B98441700BC57B6 /* RoundShadowView.swift in Sources */,
				50F354B62B979635003AEBE1 /* HomeViewController.swift in Sources */,
				50C125B02B983FC900BC57B6 /* ReviewViewController.swift in Sources */,
				50F354BD2B979FAC003AEBE1 /* JSON.swift in Sources */,
			);
			runOnlyForDeploymentPostprocessing = 0;
		};
/* End PBXSourcesBuildPhase section */

/* Begin PBXVariantGroup section */
		50F354A72B979202003AEBE1 /* LaunchScreen.storyboard */ = {
			isa = PBXVariantGroup;
			children = (
				50F354A82B979202003AEBE1 /* Base */,
			);
			name = LaunchScreen.storyboard;
			sourceTree = "<group>";
		};
/* End PBXVariantGroup section */

/* Begin XCBuildConfiguration section */
		50F354AB2B979202003AEBE1 /* Debug */ = {
			isa = XCBuildConfiguration;
			buildSettings = {
				ALWAYS_SEARCH_USER_PATHS = NO;
				ASSETCATALOG_COMPILER_GENERATE_SWIFT_ASSET_SYMBOL_EXTENSIONS = YES;
				CLANG_ANALYZER_NONNULL = YES;
				CLANG_ANALYZER_NUMBER_OBJECT_CONVERSION = YES_AGGRESSIVE;
				CLANG_CXX_LANGUAGE_STANDARD = "gnu++20";
				CLANG_ENABLE_MODULES = YES;
				CLANG_ENABLE_OBJC_ARC = YES;
				CLANG_ENABLE_OBJC_WEAK = YES;
				CLANG_WARN_BLOCK_CAPTURE_AUTORELEASING = YES;
				CLANG_WARN_BOOL_CONVERSION = YES;
				CLANG_WARN_COMMA = YES;
				CLANG_WARN_CONSTANT_CONVERSION = YES;
				CLANG_WARN_DEPRECATED_OBJC_IMPLEMENTATIONS = YES;
				CLANG_WARN_DIRECT_OBJC_ISA_USAGE = YES_ERROR;
				CLANG_WARN_DOCUMENTATION_COMMENTS = YES;
				CLANG_WARN_EMPTY_BODY = YES;
				CLANG_WARN_ENUM_CONVERSION = YES;
				CLANG_WARN_INFINITE_RECURSION = YES;
				CLANG_WARN_INT_CONVERSION = YES;
				CLANG_WARN_NON_LITERAL_NULL_CONVERSION = YES;
				CLANG_WARN_OBJC_IMPLICIT_RETAIN_SELF = YES;
				CLANG_WARN_OBJC_LITERAL_CONVERSION = YES;
				CLANG_WARN_OBJC_ROOT_CLASS = YES_ERROR;
				CLANG_WARN_QUOTED_INCLUDE_IN_FRAMEWORK_HEADER = YES;
				CLANG_WARN_RANGE_LOOP_ANALYSIS = YES;
				CLANG_WARN_STRICT_PROTOTYPES = YES;
				CLANG_WARN_SUSPICIOUS_MOVE = YES;
				CLANG_WARN_UNGUARDED_AVAILABILITY = YES_AGGRESSIVE;
				CLANG_WARN_UNREACHABLE_CODE = YES;
				CLANG_WARN__DUPLICATE_METHOD_MATCH = YES;
				COPY_PHASE_STRIP = NO;
				DEBUG_INFORMATION_FORMAT = dwarf;
				ENABLE_STRICT_OBJC_MSGSEND = YES;
				ENABLE_TESTABILITY = YES;
				ENABLE_USER_SCRIPT_SANDBOXING = YES;
				GCC_C_LANGUAGE_STANDARD = gnu17;
				GCC_DYNAMIC_NO_PIC = NO;
				GCC_NO_COMMON_BLOCKS = YES;
				GCC_OPTIMIZATION_LEVEL = 0;
				GCC_PREPROCESSOR_DEFINITIONS = (
					"DEBUG=1",
					"$(inherited)",
				);
				GCC_WARN_64_TO_32_BIT_CONVERSION = YES;
				GCC_WARN_ABOUT_RETURN_TYPE = YES_ERROR;
				GCC_WARN_UNDECLARED_SELECTOR = YES;
				GCC_WARN_UNINITIALIZED_AUTOS = YES_AGGRESSIVE;
				GCC_WARN_UNUSED_FUNCTION = YES;
				GCC_WARN_UNUSED_VARIABLE = YES;
				IPHONEOS_DEPLOYMENT_TARGET = 17.2;
				LOCALIZATION_PREFERS_STRING_CATALOGS = YES;
				MTL_ENABLE_DEBUG_INFO = INCLUDE_SOURCE;
				MTL_FAST_MATH = YES;
				ONLY_ACTIVE_ARCH = YES;
				SDKROOT = iphoneos;
				SWIFT_ACTIVE_COMPILATION_CONDITIONS = "DEBUG $(inherited)";
				SWIFT_OPTIMIZATION_LEVEL = "-Onone";
			};
			name = Debug;
		};
		50F354AC2B979202003AEBE1 /* Release */ = {
			isa = XCBuildConfiguration;
			buildSettings = {
				ALWAYS_SEARCH_USER_PATHS = NO;
				ASSETCATALOG_COMPILER_GENERATE_SWIFT_ASSET_SYMBOL_EXTENSIONS = YES;
				CLANG_ANALYZER_NONNULL = YES;
				CLANG_ANALYZER_NUMBER_OBJECT_CONVERSION = YES_AGGRESSIVE;
				CLANG_CXX_LANGUAGE_STANDARD = "gnu++20";
				CLANG_ENABLE_MODULES = YES;
				CLANG_ENABLE_OBJC_ARC = YES;
				CLANG_ENABLE_OBJC_WEAK = YES;
				CLANG_WARN_BLOCK_CAPTURE_AUTORELEASING = YES;
				CLANG_WARN_BOOL_CONVERSION = YES;
				CLANG_WARN_COMMA = YES;
				CLANG_WARN_CONSTANT_CONVERSION = YES;
				CLANG_WARN_DEPRECATED_OBJC_IMPLEMENTATIONS = YES;
				CLANG_WARN_DIRECT_OBJC_ISA_USAGE = YES_ERROR;
				CLANG_WARN_DOCUMENTATION_COMMENTS = YES;
				CLANG_WARN_EMPTY_BODY = YES;
				CLANG_WARN_ENUM_CONVERSION = YES;
				CLANG_WARN_INFINITE_RECURSION = YES;
				CLANG_WARN_INT_CONVERSION = YES;
				CLANG_WARN_NON_LITERAL_NULL_CONVERSION = YES;
				CLANG_WARN_OBJC_IMPLICIT_RETAIN_SELF = YES;
				CLANG_WARN_OBJC_LITERAL_CONVERSION = YES;
				CLANG_WARN_OBJC_ROOT_CLASS = YES_ERROR;
				CLANG_WARN_QUOTED_INCLUDE_IN_FRAMEWORK_HEADER = YES;
				CLANG_WARN_RANGE_LOOP_ANALYSIS = YES;
				CLANG_WARN_STRICT_PROTOTYPES = YES;
				CLANG_WARN_SUSPICIOUS_MOVE = YES;
				CLANG_WARN_UNGUARDED_AVAILABILITY = YES_AGGRESSIVE;
				CLANG_WARN_UNREACHABLE_CODE = YES;
				CLANG_WARN__DUPLICATE_METHOD_MATCH = YES;
				COPY_PHASE_STRIP = NO;
				DEBUG_INFORMATION_FORMAT = "dwarf-with-dsym";
				ENABLE_NS_ASSERTIONS = NO;
				ENABLE_STRICT_OBJC_MSGSEND = YES;
				ENABLE_USER_SCRIPT_SANDBOXING = YES;
				GCC_C_LANGUAGE_STANDARD = gnu17;
				GCC_NO_COMMON_BLOCKS = YES;
				GCC_WARN_64_TO_32_BIT_CONVERSION = YES;
				GCC_WARN_ABOUT_RETURN_TYPE = YES_ERROR;
				GCC_WARN_UNDECLARED_SELECTOR = YES;
				GCC_WARN_UNINITIALIZED_AUTOS = YES_AGGRESSIVE;
				GCC_WARN_UNUSED_FUNCTION = YES;
				GCC_WARN_UNUSED_VARIABLE = YES;
				IPHONEOS_DEPLOYMENT_TARGET = 17.2;
				LOCALIZATION_PREFERS_STRING_CATALOGS = YES;
				MTL_ENABLE_DEBUG_INFO = NO;
				MTL_FAST_MATH = YES;
				SDKROOT = iphoneos;
				SWIFT_COMPILATION_MODE = wholemodule;
				VALIDATE_PRODUCT = YES;
			};
			name = Release;
		};
		50F354AE2B979202003AEBE1 /* Debug */ = {
			isa = XCBuildConfiguration;
			buildSettings = {
				ASSETCATALOG_COMPILER_APPICON_NAME = AppIcon;
				ASSETCATALOG_COMPILER_GLOBAL_ACCENT_COLOR_NAME = AccentColor;
				CODE_SIGN_STYLE = Automatic;
				CURRENT_PROJECT_VERSION = 1;
				DEVELOPMENT_TEAM = HJ6B3ZPM4Y;
				GENERATE_INFOPLIST_FILE = YES;
				INFOPLIST_FILE = flashcard/Info.plist;
				INFOPLIST_KEY_UIApplicationSupportsIndirectInputEvents = YES;
				INFOPLIST_KEY_UILaunchStoryboardName = LaunchScreen;
				INFOPLIST_KEY_UISupportedInterfaceOrientations_iPad = "UIInterfaceOrientationPortrait UIInterfaceOrientationPortraitUpsideDown UIInterfaceOrientationLandscapeLeft UIInterfaceOrientationLandscapeRight";
				INFOPLIST_KEY_UISupportedInterfaceOrientations_iPhone = "UIInterfaceOrientationPortrait UIInterfaceOrientationLandscapeLeft UIInterfaceOrientationLandscapeRight";
				LD_RUNPATH_SEARCH_PATHS = (
					"$(inherited)",
					"@executable_path/Frameworks",
				);
				MARKETING_VERSION = 1.0;
				PRODUCT_BUNDLE_IDENTIFIER = com.boba.FlashCard1;
				PRODUCT_NAME = "$(TARGET_NAME)";
				SWIFT_EMIT_LOC_STRINGS = YES;
				SWIFT_VERSION = 5.0;
				TARGETED_DEVICE_FAMILY = "1,2";
			};
			name = Debug;
		};
		50F354AF2B979202003AEBE1 /* Release */ = {
			isa = XCBuildConfiguration;
			buildSettings = {
				ASSETCATALOG_COMPILER_APPICON_NAME = AppIcon;
				ASSETCATALOG_COMPILER_GLOBAL_ACCENT_COLOR_NAME = AccentColor;
				CODE_SIGN_STYLE = Automatic;
				CURRENT_PROJECT_VERSION = 1;
				DEVELOPMENT_TEAM = HJ6B3ZPM4Y;
				GENERATE_INFOPLIST_FILE = YES;
				INFOPLIST_FILE = flashcard/Info.plist;
				INFOPLIST_KEY_UIApplicationSupportsIndirectInputEvents = YES;
				INFOPLIST_KEY_UILaunchStoryboardName = LaunchScreen;
				INFOPLIST_KEY_UISupportedInterfaceOrientations_iPad = "UIInterfaceOrientationPortrait UIInterfaceOrientationPortraitUpsideDown UIInterfaceOrientationLandscapeLeft UIInterfaceOrientationLandscapeRight";
				INFOPLIST_KEY_UISupportedInterfaceOrientations_iPhone = "UIInterfaceOrientationPortrait UIInterfaceOrientationLandscapeLeft UIInterfaceOrientationLandscapeRight";
				LD_RUNPATH_SEARCH_PATHS = (
					"$(inherited)",
					"@executable_path/Frameworks",
				);
				MARKETING_VERSION = 1.0;
				PRODUCT_BUNDLE_IDENTIFIER = com.boba.FlashCard1;
				PRODUCT_NAME = "$(TARGET_NAME)";
				SWIFT_EMIT_LOC_STRINGS = YES;
				SWIFT_VERSION = 5.0;
				TARGETED_DEVICE_FAMILY = "1,2";
			};
			name = Release;
		};
/* End XCBuildConfiguration section */

/* Begin XCConfigurationList section */
		50F354942B979201003AEBE1 /* Build configuration list for PBXProject "FlashCard" */ = {
			isa = XCConfigurationList;
			buildConfigurations = (
				50F354AB2B979202003AEBE1 /* Debug */,
				50F354AC2B979202003AEBE1 /* Release */,
			);
			defaultConfigurationIsVisible = 0;
			defaultConfigurationName = Release;
		};
		50F354AD2B979202003AEBE1 /* Build configuration list for PBXNativeTarget "FlashCard" */ = {
			isa = XCConfigurationList;
			buildConfigurations = (
				50F354AE2B979202003AEBE1 /* Debug */,
				50F354AF2B979202003AEBE1 /* Release */,
			);
			defaultConfigurationIsVisible = 0;
			defaultConfigurationName = Release;
		};
/* End XCConfigurationList section */
	};
	rootObject = 50F354912B979201003AEBE1 /* Project object */;
}
